Microsoft Visual Studio Solution File, Format Version 12.00
# Visual Studio 2012
Project("{FAE04EC0-301F-11D3-BF4B-00C04F79EFBC}") = "Pop3MailboxStat", "Pop3MailboxStat.csproj", "{63743041-634D-40C4-AB34-0987910EB874}"
EndProject
Global
	GlobalSection(SolutionConfigurationPlatforms) = preSolution
		Debug|Any CPU = Debug|Any CPU
		Release|Any CPU = Release|Any CPU
	EndGlobalSection
	GlobalSection(ProjectConfigurationPlatforms) = postSolution
		{63743041-634D-40C4-AB34-0987910EB874}.Debug|Any CPU.ActiveCfg = Debug|Any CPU
		{63743041-634D-40C4-AB34-0987910EB874}.Debug|Any CPU.Build.0 = Debug|Any CPU
		{63743041-634D-40C4-AB34-0987910EB874}.Debug|Any CPU.Deploy.0 = Debug|Any CPU
		{63743041-634D-40C4-AB34-0987910EB874}.Release|Any CPU.ActiveCfg = Release|Any CPU
		{63743041-634D-40C4-AB34-0987910EB874}.Release|Any CPU.Build.0 = Release|Any CPU
		{63743041-634D-40C4-AB34-0987910EB874}.Release|Any CPU.Deploy.0 = Release|Any CPU
	EndGlobalSection
	GlobalSection(MonoDevelopProperties) = preSolution
	EndGlobalSection
EndGlobal
